
Microsoft Visual Studio Solution File, Format Version 12.00
# Visual Studio Version 17
VisualStudioVersion = 17.5.33516.290
MinimumVisualStudioVersion = 10.0.40219.1
Project("{9A19103F-16F7-4668-BE54-9A1E7A4F7556}") = "Client", "Client\Client.csproj", "{58DB6740-6BAA-48EA-8EBD-F323B8D59643}"
EndProject
Project("{9A19103F-16F7-4668-BE54-9A1E7A4F7556}") = "Server", "Server\Server.csproj", "{018F7CFD-B838-4949-A608-0A32D254861D}"
EndProject
Project("{9A19103F-16F7-4668-BE54-9A1E7A4F7556}") = "MVVMex", "MVVMex\MVVMex.csproj", "{BD0CA3A9-C5BA-457D-9C50-A4B5F3EAE467}"
EndProject
Global
	GlobalSection(SolutionConfigurationPlatforms) = preSolution
		Debug|Any CPU = Debug|Any CPU
		Release|Any CPU = Release|Any CPU
	EndGlobalSection
	GlobalSection(ProjectConfigurationPlatforms) = postSolution
		{58DB6740-6BAA-48EA-8EBD-F323B8D59643}.Debug|Any CPU.ActiveCfg = Debug|Any CPU
		{58DB6740-6BAA-48EA-8EBD-F323B8D59643}.Debug|Any CPU.Build.0 = Debug|Any CPU
		{58DB6740-6BAA-48EA-8EBD-F323B8D59643}.Release|Any CPU.ActiveCfg = Release|Any CPU
		{58DB6740-6BAA-48EA-8EBD-F323B8D59643}.Release|Any CPU.Build.0 = Release|Any CPU
		{018F7CFD-B838-4949-A608-0A32D254861D}.Debug|Any CPU.ActiveCfg = Debug|Any CPU
		{018F7CFD-B838-4949-A608-0A32D254861D}.Debug|Any CPU.Build.0 = Debug|Any CPU
		{018F7CFD-B838-4949-A608-0A32D254861D}.Release|Any CPU.ActiveCfg = Release|Any CPU
		{018F7CFD-B838-4949-A608-0A32D254861D}.Release|Any CPU.Build.0 = Release|Any CPU
		{BD0CA3A9-C5BA-457D-9C50-A4B5F3EAE467}.Debug|Any CPU.ActiveCfg = Debug|Any CPU
		{BD0CA3A9-C5BA-457D-9C50-A4B5F3EAE467}.Debug|Any CPU.Build.0 = Debug|Any CPU
		{BD0CA3A9-C5BA-457D-9C50-A4B5F3EAE467}.Release|Any CPU.ActiveCfg = Release|Any CPU
		{BD0CA3A9-C5BA-457D-9C50-A4B5F3EAE467}.Release|Any CPU.Build.0 = Release|Any CPU
	EndGlobalSection
	GlobalSection(SolutionProperties) = preSolution
		HideSolutionNode = FALSE
	EndGlobalSection
	GlobalSection(ExtensibilityGlobals) = postSolution
		SolutionGuid = {D9168AF2-FD23-45FE-A0F9-E6DD9D5E89DA}
	EndGlobalSection
EndGlobal
